
Microsoft Visual Studio Solution File, Format Version 12.00
# Visual Studio Version 17
VisualStudioVersion = 17.14.36301.6
MinimumVisualStudioVersion = 10.0.40219.1
Project("{FAE04EC0-301F-11D3-BF4B-00C04F79EFBC}") = "QarzDaftar.Server.Api", "QarzDaftar.Server.Api\QarzDaftar.Server.Api.csproj", "{5202E90A-680E-4C36-AFBB-DBB519E4401F}"
EndProject
Project("{FAE04EC0-301F-11D3-BF4B-00C04F79EFBC}") = "QarzDaftar.Server.Api.Tests.Unit", "QarzDaftar.Server.Api.Tests.Unit\QarzDaftar.Server.Api.Tests.Unit.csproj", "{E8A517FD-2992-48FA-B73A-341198CFA99D}"
EndProject
Project("{FAE04EC0-301F-11D3-BF4B-00C04F79EFBC}") = "QarzDaftar.Server.Api.Infrastructure.Build", "QarzDaftar.Server.Api.Infrastructure.Build\QarzDaftar.Server.Api.Infrastructure.Build.csproj", "{D84B5584-7A22-4685-AC32-D10597C412F1}"
EndProject
Project("{54A90642-561A-4BB1-A94E-469ADEE60C69}") = "QarzDaftar.Client", "..\QarzDaftar.Client\QarzDaftar.Client.esproj", "{D22B9735-CF1C-1805-9967-B3468EAE1F96}"
EndProject
Global
	GlobalSection(SolutionConfigurationPlatforms) = preSolution
		Debug|Any CPU = Debug|Any CPU
		Release|Any CPU = Release|Any CPU
	EndGlobalSection
	GlobalSection(ProjectConfigurationPlatforms) = postSolution
		{5202E90A-680E-4C36-AFBB-DBB519E4401F}.Debug|Any CPU.ActiveCfg = Debug|Any CPU
		{5202E90A-680E-4C36-AFBB-DBB519E4401F}.Debug|Any CPU.Build.0 = Debug|Any CPU
		{5202E90A-680E-4C36-AFBB-DBB519E4401F}.Release|Any CPU.ActiveCfg = Release|Any CPU
		{5202E90A-680E-4C36-AFBB-DBB519E4401F}.Release|Any CPU.Build.0 = Release|Any CPU
		{E8A517FD-2992-48FA-B73A-341198CFA99D}.Debug|Any CPU.ActiveCfg = Debug|Any CPU
		{E8A517FD-2992-48FA-B73A-341198CFA99D}.Debug|Any CPU.Build.0 = Debug|Any CPU
		{E8A517FD-2992-48FA-B73A-341198CFA99D}.Release|Any CPU.ActiveCfg = Release|Any CPU
		{E8A517FD-2992-48FA-B73A-341198CFA99D}.Release|Any CPU.Build.0 = Release|Any CPU
		{D84B5584-7A22-4685-AC32-D10597C412F1}.Debug|Any CPU.ActiveCfg = Debug|Any CPU
		{D84B5584-7A22-4685-AC32-D10597C412F1}.Debug|Any CPU.Build.0 = Debug|Any CPU
		{D84B5584-7A22-4685-AC32-D10597C412F1}.Release|Any CPU.ActiveCfg = Release|Any CPU
		{D84B5584-7A22-4685-AC32-D10597C412F1}.Release|Any CPU.Build.0 = Release|Any CPU
		{D22B9735-CF1C-1805-9967-B3468EAE1F96}.Debug|Any CPU.ActiveCfg = Debug|Any CPU
		{D22B9735-CF1C-1805-9967-B3468EAE1F96}.Debug|Any CPU.Build.0 = Debug|Any CPU
		{D22B9735-CF1C-1805-9967-B3468EAE1F96}.Debug|Any CPU.Deploy.0 = Debug|Any CPU
		{D22B9735-CF1C-1805-9967-B3468EAE1F96}.Release|Any CPU.ActiveCfg = Release|Any CPU
		{D22B9735-CF1C-1805-9967-B3468EAE1F96}.Release|Any CPU.Build.0 = Release|Any CPU
		{D22B9735-CF1C-1805-9967-B3468EAE1F96}.Release|Any CPU.Deploy.0 = Release|Any CPU
	EndGlobalSection
	GlobalSection(SolutionProperties) = preSolution
		HideSolutionNode = FALSE
	EndGlobalSection
	GlobalSection(ExtensibilityGlobals) = postSolution
		SolutionGuid = {AC4C4C9A-9F45-4CEB-AAAC-D3BB3CFB6A3D}
	EndGlobalSection
EndGlobal
